// !$*UTF8*$!
{
	archiveVersion = 1;
	classes = {
	};
	objectVersion = 46;
	objects = {

/* Begin PBXBuildFile section */
		330F7BF61ED333F00009280A /* AppDelegate.m in Sources */ = {isa = PBXBuildFile; fileRef = 330F7BDA1ED333F00009280A /* AppDelegate.m */; };
		330F7C001ED333F00009280A /* main.m in Sources */ = {isa = PBXBuildFile; fileRef = 330F7BF51ED333F00009280A /* main.m */; };
		330F7C021ED334380009280A /* Assets.xcassets in Resources */ = {isa = PBXBuildFile; fileRef = 330F7C011ED334380009280A /* Assets.xcassets */; };
		330F7C0D1ED349AB0009280A /* UIView+Helper.m in Sources */ = {isa = PBXBuildFile; fileRef = 330F7C0B1ED349AB0009280A /* UIView+Helper.m */; };
		33144EF61EF05059006D27AC /* UIUtils.m in Sources */ = {isa = PBXBuildFile; fileRef = 33144EEA1EF05059006D27AC /* UIUtils.m */; };
		33144EF91EF05218006D27AC /* NSString+Size.m in Sources */ = {isa = PBXBuildFile; fileRef = 33144EF81EF05218006D27AC /* NSString+Size.m */; };
		3319AE9D22EDB24A001722B6 /* TwoWayBinding.png in Resources */ = {isa = PBXBuildFile; fileRef = 3319AE9B22EDB249001722B6 /* TwoWayBinding.png */; };
		3319AE9E22EDB24A001722B6 /* RACChannelTo.jpeg in Resources */ = {isa = PBXBuildFile; fileRef = 3319AE9C22EDB24A001722B6 /* RACChannelTo.jpeg */; };
		331B4D3122ED82C600BE1A47 /* RACMLKVC.m in Sources */ = {isa = PBXBuildFile; fileRef = 331B4D2F22ED82C600BE1A47 /* RACMLKVC.m */; };
		331B4D3222ED82C600BE1A47 /* RACMLKVC.xib in Resources */ = {isa = PBXBuildFile; fileRef = 331B4D3022ED82C600BE1A47 /* RACMLKVC.xib */; };
		33454B321F764DB900DC3F14 /* LifeCycleAndMemoryVC.m in Sources */ = {isa = PBXBuildFile; fileRef = 33454B301F764DB900DC3F14 /* LifeCycleAndMemoryVC.m */; };
		33454B331F764DB900DC3F14 /* LifeCycleAndMemoryVC.xib in Resources */ = {isa = PBXBuildFile; fileRef = 33454B311F764DB900DC3F14 /* LifeCycleAndMemoryVC.xib */; };
		33454B441F764EFD00DC3F14 /* TwoWayBindingVC.m in Sources */ = {isa = PBXBuildFile; fileRef = 33454B421F764EFD00DC3F14 /* TwoWayBindingVC.m */; };
		33454B451F764EFD00DC3F14 /* TwoWayBindingVC.xib in Resources */ = {isa = PBXBuildFile; fileRef = 33454B431F764EFD00DC3F14 /* TwoWayBindingVC.xib */; };
		33454B4B1F76501000DC3F14 /* SingleOperationsVC.m in Sources */ = {isa = PBXBuildFile; fileRef = 33454B491F76501000DC3F14 /* SingleOperationsVC.m */; };
		33454B4C1F76501000DC3F14 /* SingleOperationsVC.xib in Resources */ = {isa = PBXBuildFile; fileRef = 33454B4A1F76501000DC3F14 /* SingleOperationsVC.xib */; };
		33454B501F76501D00DC3F14 /* GroupOperationsVC.m in Sources */ = {isa = PBXBuildFile; fileRef = 33454B4E1F76501D00DC3F14 /* GroupOperationsVC.m */; };
		33454B511F76501D00DC3F14 /* GroupOperationsVC.xib in Resources */ = {isa = PBXBuildFile; fileRef = 33454B4F1F76501D00DC3F14 /* GroupOperationsVC.xib */; };
		33454B571F76517400DC3F14 /* NSUserDefaults+CustomRACSupport.m in Sources */ = {isa = PBXBuildFile; fileRef = 33454B561F76517400DC3F14 /* NSUserDefaults+CustomRACSupport.m */; };
		337EEC291EDC3F2C00EDC166 /* NSObject+DLIntrospection.m in Sources */ = {isa = PBXBuildFile; fileRef = 337EEC281EDC3F2C00EDC166 /* NSObject+DLIntrospection.m */; };
		6ABC08104B7ECC2017FFB126 /* Pods_TestTemplateProject.framework in Frameworks */ = {isa = PBXBuildFile; fileRef = 6111390E963A1B8E71ADAAC5 /* Pods_TestTemplateProject.framework */; };
		B50394D81EEE71E00016FA97 /* HomePageVC.m in Sources */ = {isa = PBXBuildFile; fileRef = B50394D61EEE71E00016FA97 /* HomePageVC.m */; };
		B50394D91EEE71E00016FA97 /* HomePageVC.xib in Resources */ = {isa = PBXBuildFile; fileRef = B50394D71EEE71E00016FA97 /* HomePageVC.xib */; };
		B50394DE1EEE71FB0016FA97 /* PlaygroundVC.m in Sources */ = {isa = PBXBuildFile; fileRef = B50394DC1EEE71FB0016FA97 /* PlaygroundVC.m */; };
		B50394DF1EEE71FB0016FA97 /* PlaygroundVC.xib in Resources */ = {isa = PBXBuildFile; fileRef = B50394DD1EEE71FB0016FA97 /* PlaygroundVC.xib */; };
		B507113D1F0E4A39008EC4AE /* BaseWindowRootVC.m in Sources */ = {isa = PBXBuildFile; fileRef = B507113C1F0E4A39008EC4AE /* BaseWindowRootVC.m */; };
		B50711511F0E4A4A008EC4AE /* BNPopoverWindow.m in Sources */ = {isa = PBXBuildFile; fileRef = B507114A1F0E4A4A008EC4AE /* BNPopoverWindow.m */; };
		B50711521F0E4A4A008EC4AE /* BNPopoverWindowRootVC.m in Sources */ = {isa = PBXBuildFile; fileRef = B507114C1F0E4A4A008EC4AE /* BNPopoverWindowRootVC.m */; };
		B507115C1F0E4AB3008EC4AE /* BNPopoverBaseLayout.m in Sources */ = {isa = PBXBuildFile; fileRef = B50711551F0E4AB3008EC4AE /* BNPopoverBaseLayout.m */; };
		B507115D1F0E4AB3008EC4AE /* BNPopoverBottomLayout.m in Sources */ = {isa = PBXBuildFile; fileRef = B50711571F0E4AB3008EC4AE /* BNPopoverBottomLayout.m */; };
		B507115E1F0E4AB3008EC4AE /* BNPopoverCustomLayout.m in Sources */ = {isa = PBXBuildFile; fileRef = B50711591F0E4AB3008EC4AE /* BNPopoverCustomLayout.m */; };
		B507115F1F0E4AB3008EC4AE /* BNPopoverCenterLayout.m in Sources */ = {isa = PBXBuildFile; fileRef = B507115B1F0E4AB3008EC4AE /* BNPopoverCenterLayout.m */; };
		B53C6D2A232636DC001E8697 /* CocoaUsageVC.swift in Sources */ = {isa = PBXBuildFile; fileRef = B53C6D28232636DC001E8697 /* CocoaUsageVC.swift */; };
		B53C6D2B232636DC001E8697 /* CocoaUsageVC.xib in Resources */ = {isa = PBXBuildFile; fileRef = B53C6D29232636DC001E8697 /* CocoaUsageVC.xib */; };
		B53C6F672328EB70001E8697 /* SwiftUsageVC.swift in Sources */ = {isa = PBXBuildFile; fileRef = B53C6F5B2328EB70001E8697 /* SwiftUsageVC.swift */; };
		B53C6F682328EB70001E8697 /* Person.swift in Sources */ = {isa = PBXBuildFile; fileRef = B53C6F5C2328EB70001E8697 /* Person.swift */; };
		B53C6F692328EB70001E8697 /* NSObject-model.swift in Sources */ = {isa = PBXBuildFile; fileRef = B53C6F5D2328EB70001E8697 /* NSObject-model.swift */; };
		B53C6F6A2328EB70001E8697 /* Room.swift in Sources */ = {isa = PBXBuildFile; fileRef = B53C6F5E2328EB70001E8697 /* Room.swift */; };
		B53C6F6B2328EB70001E8697 /* LyContentView.swift in Sources */ = {isa = PBXBuildFile; fileRef = B53C6F5F2328EB70001E8697 /* LyContentView.swift */; };
		B53C6F6C2328EB70001E8697 /* BaseModel.swift in Sources */ = {isa = PBXBuildFile; fileRef = B53C6F602328EB70001E8697 /* BaseModel.swift */; };
		B53C6F6D2328EB70001E8697 /* Student.swift in Sources */ = {isa = PBXBuildFile; fileRef = B53C6F612328EB70001E8697 /* Student.swift */; };
		B53C6F6E2328EB70001E8697 /* ObjCUsageVC.m in Sources */ = {isa = PBXBuildFile; fileRef = B53C6F642328EB70001E8697 /* ObjCUsageVC.m */; };
		B53C6F6F2328EB70001E8697 /* LyViewController.m in Sources */ = {isa = PBXBuildFile; fileRef = B53C6F652328EB70001E8697 /* LyViewController.m */; };
		B53C6FAE2328F699001E8697 /* LyHeardView.m in Sources */ = {isa = PBXBuildFile; fileRef = B53C6FA82328F698001E8697 /* LyHeardView.m */; };
		B53C6FAF2328F699001E8697 /* LyModel.m in Sources */ = {isa = PBXBuildFile; fileRef = B53C6FAB2328F699001E8697 /* LyModel.m */; };
		B5647F8B1EF8FB4C009CF536 /* BNPopupWindow.m in Sources */ = {isa = PBXBuildFile; fileRef = B5647F8A1EF8FB4C009CF536 /* BNPopupWindow.m */; };
		B5647F8F1EF9084E009CF536 /* BasePopoverVC.m in Sources */ = {isa = PBXBuildFile; fileRef = B5647F8E1EF9084E009CF536 /* BasePopoverVC.m */; };
		B5647F991EF90B1F009CF536 /* MBProgressHUD+Add.m in Sources */ = {isa = PBXBuildFile; fileRef = B5647F961EF90B1F009CF536 /* MBProgressHUD+Add.m */; };
		B5647F9A1EF90B1F009CF536 /* MBProgressHUD.m in Sources */ = {isa = PBXBuildFile; fileRef = B5647F981EF90B1F009CF536 /* MBProgressHUD.m */; };
		B5647F9D1EF90E7C009CF536 /* UIView+Hierarchy.m in Sources */ = {isa = PBXBuildFile; fileRef = B5647F9C1EF90E7C009CF536 /* UIView+Hierarchy.m */; };
		B5647FA71EF90EC1009CF536 /* GCDGroup.m in Sources */ = {isa = PBXBuildFile; fileRef = B5647FA01EF90EC1009CF536 /* GCDGroup.m */; };
		B5647FA81EF90EC1009CF536 /* GCDQueue.m in Sources */ = {isa = PBXBuildFile; fileRef = B5647FA41EF90EC1009CF536 /* GCDQueue.m */; };
		B5647FA91EF90EC1009CF536 /* GCDSemaphore.m in Sources */ = {isa = PBXBuildFile; fileRef = B5647FA61EF90EC1009CF536 /* GCDSemaphore.m */; };
		B5647FF41EF912EE009CF536 /* UIImage+Blur.m in Sources */ = {isa = PBXBuildFile; fileRef = B5647FF31EF912EE009CF536 /* UIImage+Blur.m */; };
		B5647FF71EF91BC7009CF536 /* CommonUtils.m in Sources */ = {isa = PBXBuildFile; fileRef = B5647FF61EF91BC7009CF536 /* CommonUtils.m */; };
		B57046261F693854006476E2 /* TestModel.m in Sources */ = {isa = PBXBuildFile; fileRef = B57046251F693854006476E2 /* TestModel.m */; };
		B595DD511F2098080091242B /* ColdHotSignalVC.m in Sources */ = {isa = PBXBuildFile; fileRef = B595DD4F1F2098080091242B /* ColdHotSignalVC.m */; };
		B595DD521F2098080091242B /* ColdHotSignalVC.xib in Resources */ = {isa = PBXBuildFile; fileRef = B595DD501F2098080091242B /* ColdHotSignalVC.xib */; };
		B595DD551F2098310091242B /* ColdHotSignalVM.m in Sources */ = {isa = PBXBuildFile; fileRef = B595DD541F2098310091242B /* ColdHotSignalVM.m */; };
		B595DD5C1F2099BE0091242B /* RACCommand+Extension.m in Sources */ = {isa = PBXBuildFile; fileRef = B595DD591F2099BE0091242B /* RACCommand+Extension.m */; };
		B595DD5D1F2099BE0091242B /* RACSignal+Extension.m in Sources */ = {isa = PBXBuildFile; fileRef = B595DD5B1F2099BE0091242B /* RACSignal+Extension.m */; };
		B5FA68AD1EF26F870077349C /* BaseViewController.m in Sources */ = {isa = PBXBuildFile; fileRef = B5FA68A61EF26F870077349C /* BaseViewController.m */; };
		B5FA68AE1EF26F870077349C /* BNNavigationController.m in Sources */ = {isa = PBXBuildFile; fileRef = B5FA68A91EF26F870077349C /* BNNavigationController.m */; };
		B5FA68AF1EF26F870077349C /* BNTabBarController.m in Sources */ = {isa = PBXBuildFile; fileRef = B5FA68AC1EF26F870077349C /* BNTabBarController.m */; };
/* End PBXBuildFile section */

/* Begin PBXFileReference section */
		330F7BBD1ED3321F0009280A /* TestTemplateProject.app */ = {isa = PBXFileReference; explicitFileType = wrapper.application; includeInIndex = 0; path = TestTemplateProject.app; sourceTree = BUILT_PRODUCTS_DIR; };
		330F7BD91ED333F00009280A /* AppDelegate.h */ = {isa = PBXFileReference; fileEncoding = 4; lastKnownFileType = sourcecode.c.h; path = AppDelegate.h; sourceTree = "<group>"; };
		330F7BDA1ED333F00009280A /* AppDelegate.m */ = {isa = PBXFileReference; fileEncoding = 4; lastKnownFileType = sourcecode.c.objc; path = AppDelegate.m; sourceTree = "<group>"; };
		330F7BF41ED333F00009280A /* Info.plist */ = {isa = PBXFileReference; fileEncoding = 4; lastKnownFileType = text.plist.xml; path = Info.plist; sourceTree = "<group>"; };
		330F7BF51ED333F00009280A /* main.m */ = {isa = PBXFileReference; fileEncoding = 4; lastKnownFileType = sourcecode.c.objc; path = main.m; sourceTree = "<group>"; };
		330F7C011ED334380009280A /* Assets.xcassets */ = {isa = PBXFileReference; lastKnownFileType = folder.assetcatalog; path = Assets.xcassets; sourceTree = "<group>"; };
		330F7C0A1ED349AB0009280A /* UIView+Helper.h */ = {isa = PBXFileReference; fileEncoding = 4; lastKnownFileType = sourcecode.c.h; path = "UIView+Helper.h"; sourceTree = "<group>"; };
		330F7C0B1ED349AB0009280A /* UIView+Helper.m */ = {isa = PBXFileReference; fileEncoding = 4; lastKnownFileType = sourcecode.c.objc; path = "UIView+Helper.m"; sourceTree = "<group>"; };
		330F7ECC1ED352250009280A /* PrefixHeader.pch */ = {isa = PBXFileReference; lastKnownFileType = sourcecode.c.h; path = PrefixHeader.pch; sourceTree = "<group>"; };
		33144ED11EF04F1D006D27AC /* commonConstDef.h */ = {isa = PBXFileReference; fileEncoding = 4; lastKnownFileType = sourcecode.c.h; path = commonConstDef.h; sourceTree = "<group>"; };
		33144ED21EF04F1D006D27AC /* macrodef.h */ = {isa = PBXFileReference; fileEncoding = 4; lastKnownFileType = sourcecode.c.h; path = macrodef.h; sourceTree = "<group>"; };
		33144ED31EF04F1D006D27AC /* typedef.h */ = {isa = PBXFileReference; fileEncoding = 4; lastKnownFileType = sourcecode.c.h; path = typedef.h; sourceTree = "<group>"; };
		33144EE91EF05059006D27AC /* UIUtils.h */ = {isa = PBXFileReference; fileEncoding = 4; lastKnownFileType = sourcecode.c.h; path = UIUtils.h; sourceTree = "<group>"; };
		33144EEA1EF05059006D27AC /* UIUtils.m */ = {isa = PBXFileReference; fileEncoding = 4; lastKnownFileType = sourcecode.c.objc; path = UIUtils.m; sourceTree = "<group>"; };
		33144EEB1EF05059006D27AC /* Utility.h */ = {isa = PBXFileReference; fileEncoding = 4; lastKnownFileType = sourcecode.c.h; path = Utility.h; sourceTree = "<group>"; };
		33144EF71EF05218006D27AC /* NSString+Size.h */ = {isa = PBXFileReference; fileEncoding = 4; lastKnownFileType = sourcecode.c.h; path = "NSString+Size.h"; sourceTree = "<group>"; };
		33144EF81EF05218006D27AC /* NSString+Size.m */ = {isa = PBXFileReference; fileEncoding = 4; lastKnownFileType = sourcecode.c.objc; path = "NSString+Size.m"; sourceTree = "<group>"; };
		3319AE9B22EDB249001722B6 /* TwoWayBinding.png */ = {isa = PBXFileReference; lastKnownFileType = image.png; path = TwoWayBinding.png; sourceTree = "<group>"; };
		3319AE9C22EDB24A001722B6 /* RACChannelTo.jpeg */ = {isa = PBXFileReference; lastKnownFileType = image.jpeg; path = RACChannelTo.jpeg; sourceTree = "<group>"; };
		331B4D2E22ED82C600BE1A47 /* RACMLKVC.h */ = {isa = PBXFileReference; fileEncoding = 4; lastKnownFileType = sourcecode.c.h; path = RACMLKVC.h; sourceTree = "<group>"; };
		331B4D2F22ED82C600BE1A47 /* RACMLKVC.m */ = {isa = PBXFileReference; fileEncoding = 4; lastKnownFileType = sourcecode.c.objc; path = RACMLKVC.m; sourceTree = "<group>"; };
		331B4D3022ED82C600BE1A47 /* RACMLKVC.xib */ = {isa = PBXFileReference; fileEncoding = 4; lastKnownFileType = file.xib; path = RACMLKVC.xib; sourceTree = "<group>"; };
		33454B2F1F764DB900DC3F14 /* LifeCycleAndMemoryVC.h */ = {isa = PBXFileReference; fileEncoding = 4; lastKnownFileType = sourcecode.c.h; path = LifeCycleAndMemoryVC.h; sourceTree = "<group>"; };
		33454B301F764DB900DC3F14 /* LifeCycleAndMemoryVC.m */ = {isa = PBXFileReference; fileEncoding = 4; lastKnownFileType = sourcecode.c.objc; path = LifeCycleAndMemoryVC.m; sourceTree = "<group>"; };
		33454B311F764DB900DC3F14 /* LifeCycleAndMemoryVC.xib */ = {isa = PBXFileReference; fileEncoding = 4; lastKnownFileType = file.xib; path = LifeCycleAndMemoryVC.xib; sourceTree = "<group>"; };
		33454B411F764EFD00DC3F14 /* TwoWayBindingVC.h */ = {isa = PBXFileReference; fileEncoding = 4; lastKnownFileType = sourcecode.c.h; path = TwoWayBindingVC.h; sourceTree = "<group>"; };
		33454B421F764EFD00DC3F14 /* TwoWayBindingVC.m */ = {isa = PBXFileReference; fileEncoding = 4; lastKnownFileType = sourcecode.c.objc; path = TwoWayBindingVC.m; sourceTree = "<group>"; };
		33454B431F764EFD00DC3F14 /* TwoWayBindingVC.xib */ = {isa = PBXFileReference; fileEncoding = 4; lastKnownFileType = file.xib; path = TwoWayBindingVC.xib; sourceTree = "<group>"; };
		33454B481F76501000DC3F14 /* SingleOperationsVC.h */ = {isa = PBXFileReference; fileEncoding = 4; lastKnownFileType = sourcecode.c.h; path = SingleOperationsVC.h; sourceTree = "<group>"; };
		33454B491F76501000DC3F14 /* SingleOperationsVC.m */ = {isa = PBXFileReference; fileEncoding = 4; lastKnownFileType = sourcecode.c.objc; path = SingleOperationsVC.m; sourceTree = "<group>"; };
		33454B4A1F76501000DC3F14 /* SingleOperationsVC.xib */ = {isa = PBXFileReference; fileEncoding = 4; lastKnownFileType = file.xib; path = SingleOperationsVC.xib; sourceTree = "<group>"; };
		33454B4D1F76501D00DC3F14 /* GroupOperationsVC.h */ = {isa = PBXFileReference; fileEncoding = 4; lastKnownFileType = sourcecode.c.h; path = GroupOperationsVC.h; sourceTree = "<group>"; };
		33454B4E1F76501D00DC3F14 /* GroupOperationsVC.m */ = {isa = PBXFileReference; fileEncoding = 4; lastKnownFileType = sourcecode.c.objc; path = GroupOperationsVC.m; sourceTree = "<group>"; };
		33454B4F1F76501D00DC3F14 /* GroupOperationsVC.xib */ = {isa = PBXFileReference; fileEncoding = 4; lastKnownFileType = file.xib; path = GroupOperationsVC.xib; sourceTree = "<group>"; };
		33454B551F76517400DC3F14 /* NSUserDefaults+CustomRACSupport.h */ = {isa = PBXFileReference; fileEncoding = 4; lastKnownFileType = sourcecode.c.h; path = "NSUserDefaults+CustomRACSupport.h"; sourceTree = "<group>"; };
		33454B561F76517400DC3F14 /* NSUserDefaults+CustomRACSupport.m */ = {isa = PBXFileReference; fileEncoding = 4; lastKnownFileType = sourcecode.c.objc; path = "NSUserDefaults+CustomRACSupport.m"; sourceTree = "<group>"; };
		337EEC271EDC3F2C00EDC166 /* NSObject+DLIntrospection.h */ = {isa = PBXFileReference; fileEncoding = 4; lastKnownFileType = sourcecode.c.h; path = "NSObject+DLIntrospection.h"; sourceTree = "<group>"; };
		337EEC281EDC3F2C00EDC166 /* NSObject+DLIntrospection.m */ = {isa = PBXFileReference; fileEncoding = 4; lastKnownFileType = sourcecode.c.objc; path = "NSObject+DLIntrospection.m"; sourceTree = "<group>"; };
		3EBF4711FA3970AC76C3C06F /* Pods-TestTemplateProject.release.xcconfig */ = {isa = PBXFileReference; includeInIndex = 1; lastKnownFileType = text.xcconfig; name = "Pods-TestTemplateProject.release.xcconfig"; path = "Pods/Target Support Files/Pods-TestTemplateProject/Pods-TestTemplateProject.release.xcconfig"; sourceTree = "<group>"; };
		6111390E963A1B8E71ADAAC5 /* Pods_TestTemplateProject.framework */ = {isa = PBXFileReference; explicitFileType = wrapper.framework; includeInIndex = 0; path = Pods_TestTemplateProject.framework; sourceTree = BUILT_PRODUCTS_DIR; };
		B50394D51EEE71E00016FA97 /* HomePageVC.h */ = {isa = PBXFileReference; fileEncoding = 4; lastKnownFileType = sourcecode.c.h; path = HomePageVC.h; sourceTree = "<group>"; };
		B50394D61EEE71E00016FA97 /* HomePageVC.m */ = {isa = PBXFileReference; fileEncoding = 4; lastKnownFileType = sourcecode.c.objc; path = HomePageVC.m; sourceTree = "<group>"; };
		B50394D71EEE71E00016FA97 /* HomePageVC.xib */ = {isa = PBXFileReference; fileEncoding = 4; lastKnownFileType = file.xib; path = HomePageVC.xib; sourceTree = "<group>"; };
		B50394DB1EEE71FB0016FA97 /* PlaygroundVC.h */ = {isa = PBXFileReference; fileEncoding = 4; lastKnownFileType = sourcecode.c.h; path = PlaygroundVC.h; sourceTree = "<group>"; };
		B50394DC1EEE71FB0016FA97 /* PlaygroundVC.m */ = {isa = PBXFileReference; fileEncoding = 4; lastKnownFileType = sourcecode.c.objc; path = PlaygroundVC.m; sourceTree = "<group>"; };
		B50394DD1EEE71FB0016FA97 /* PlaygroundVC.xib */ = {isa = PBXFileReference; fileEncoding = 4; lastKnownFileType = file.xib; path = PlaygroundVC.xib; sourceTree = "<group>"; };
		B507113B1F0E4A39008EC4AE /* BaseWindowRootVC.h */ = {isa = PBXFileReference; fileEncoding = 4; lastKnownFileType = sourcecode.c.h; path = BaseWindowRootVC.h; sourceTree = "<group>"; };
		B507113C1F0E4A39008EC4AE /* BaseWindowRootVC.m */ = {isa = PBXFileReference; fileEncoding = 4; lastKnownFileType = sourcecode.c.objc; path = BaseWindowRootVC.m; sourceTree = "<group>"; };
		B507113F1F0E4A4A008EC4AE /* BNPopoverCommon.h */ = {isa = PBXFileReference; fileEncoding = 4; lastKnownFileType = sourcecode.c.h; path = BNPopoverCommon.h; sourceTree = "<group>"; };
		B50711491F0E4A4A008EC4AE /* BNPopoverWindow.h */ = {isa = PBXFileReference; fileEncoding = 4; lastKnownFileType = sourcecode.c.h; path = BNPopoverWindow.h; sourceTree = "<group>"; };
		B507114A1F0E4A4A008EC4AE /* BNPopoverWindow.m */ = {isa = PBXFileReference; fileEncoding = 4; lastKnownFileType = sourcecode.c.objc; path = BNPopoverWindow.m; sourceTree = "<group>"; };
		B507114B1F0E4A4A008EC4AE /* BNPopoverWindowRootVC.h */ = {isa = PBXFileReference; fileEncoding = 4; lastKnownFileType = sourcecode.c.h; path = BNPopoverWindowRootVC.h; sourceTree = "<group>"; };
		B507114C1F0E4A4A008EC4AE /* BNPopoverWindowRootVC.m */ = {isa = PBXFileReference; fileEncoding = 4; lastKnownFileType = sourcecode.c.objc; path = BNPopoverWindowRootVC.m; sourceTree = "<group>"; };
		B50711541F0E4AB3008EC4AE /* BNPopoverBaseLayout.h */ = {isa = PBXFileReference; fileEncoding = 4; lastKnownFileType = sourcecode.c.h; path = BNPopoverBaseLayout.h; sourceTree = "<group>"; };
		B50711551F0E4AB3008EC4AE /* BNPopoverBaseLayout.m */ = {isa = PBXFileReference; fileEncoding = 4; lastKnownFileType = sourcecode.c.objc; path = BNPopoverBaseLayout.m; sourceTree = "<group>"; };
		B50711561F0E4AB3008EC4AE /* BNPopoverBottomLayout.h */ = {isa = PBXFileReference; fileEncoding = 4; lastKnownFileType = sourcecode.c.h; path = BNPopoverBottomLayout.h; sourceTree = "<group>"; };
		B50711571F0E4AB3008EC4AE /* BNPopoverBottomLayout.m */ = {isa = PBXFileReference; fileEncoding = 4; lastKnownFileType = sourcecode.c.objc; path = BNPopoverBottomLayout.m; sourceTree = "<group>"; };
		B50711581F0E4AB3008EC4AE /* BNPopoverCustomLayout.h */ = {isa = PBXFileReference; fileEncoding = 4; lastKnownFileType = sourcecode.c.h; path = BNPopoverCustomLayout.h; sourceTree = "<group>"; };
		B50711591F0E4AB3008EC4AE /* BNPopoverCustomLayout.m */ = {isa = PBXFileReference; fileEncoding = 4; lastKnownFileType = sourcecode.c.objc; path = BNPopoverCustomLayout.m; sourceTree = "<group>"; };
		B507115A1F0E4AB3008EC4AE /* BNPopoverCenterLayout.h */ = {isa = PBXFileReference; fileEncoding = 4; lastKnownFileType = sourcecode.c.h; path = BNPopoverCenterLayout.h; sourceTree = "<group>"; };
		B507115B1F0E4AB3008EC4AE /* BNPopoverCenterLayout.m */ = {isa = PBXFileReference; fileEncoding = 4; lastKnownFileType = sourcecode.c.objc; path = BNPopoverCenterLayout.m; sourceTree = "<group>"; };
		B53C6D2523262FB4001E8697 /* TestTemplateProject-Bridging-Header.h */ = {isa = PBXFileReference; fileEncoding = 4; lastKnownFileType = sourcecode.c.h; path = "TestTemplateProject-Bridging-Header.h"; sourceTree = "<group>"; };
		B53C6D28232636DC001E8697 /* CocoaUsageVC.swift */ = {isa = PBXFileReference; lastKnownFileType = sourcecode.swift; path = CocoaUsageVC.swift; sourceTree = "<group>"; };
		B53C6D29232636DC001E8697 /* CocoaUsageVC.xib */ = {isa = PBXFileReference; lastKnownFileType = file.xib; path = CocoaUsageVC.xib; sourceTree = "<group>"; };
		B53C6F5B2328EB70001E8697 /* SwiftUsageVC.swift */ = {isa = PBXFileReference; fileEncoding = 4; lastKnownFileType = sourcecode.swift; path = SwiftUsageVC.swift; sourceTree = "<group>"; };
		B53C6F5C2328EB70001E8697 /* Person.swift */ = {isa = PBXFileReference; fileEncoding = 4; lastKnownFileType = sourcecode.swift; path = Person.swift; sourceTree = "<group>"; };
		B53C6F5D2328EB70001E8697 /* NSObject-model.swift */ = {isa = PBXFileReference; fileEncoding = 4; lastKnownFileType = sourcecode.swift; path = "NSObject-model.swift"; sourceTree = "<group>"; };
		B53C6F5E2328EB70001E8697 /* Room.swift */ = {isa = PBXFileReference; fileEncoding = 4; lastKnownFileType = sourcecode.swift; path = Room.swift; sourceTree = "<group>"; };
		B53C6F5F2328EB70001E8697 /* LyContentView.swift */ = {isa = PBXFileReference; fileEncoding = 4; lastKnownFileType = sourcecode.swift; path = LyContentView.swift; sourceTree = "<group>"; };
		B53C6F602328EB70001E8697 /* BaseModel.swift */ = {isa = PBXFileReference; fileEncoding = 4; lastKnownFileType = sourcecode.swift; path = BaseModel.swift; sourceTree = "<group>"; };
		B53C6F612328EB70001E8697 /* Student.swift */ = {isa = PBXFileReference; fileEncoding = 4; lastKnownFileType = sourcecode.swift; path = Student.swift; sourceTree = "<group>"; };
		B53C6F632328EB70001E8697 /* LyViewController.h */ = {isa = PBXFileReference; fileEncoding = 4; lastKnownFileType = sourcecode.c.h; path = LyViewController.h; sourceTree = "<group>"; };
		B53C6F642328EB70001E8697 /* ObjCUsageVC.m */ = {isa = PBXFileReference; fileEncoding = 4; lastKnownFileType = sourcecode.c.objc; path = ObjCUsageVC.m; sourceTree = "<group>"; };
		B53C6F652328EB70001E8697 /* LyViewController.m */ = {isa = PBXFileReference; fileEncoding = 4; lastKnownFileType = sourcecode.c.objc; path = LyViewController.m; sourceTree = "<group>"; };
		B53C6F662328EB70001E8697 /* ObjCUsageVC.h */ = {isa = PBXFileReference; fileEncoding = 4; lastKnownFileType = sourcecode.c.h; path = ObjCUsageVC.h; sourceTree = "<group>"; };
		B53C6FA82328F698001E8697 /* LyHeardView.m */ = {isa = PBXFileReference; fileEncoding = 4; lastKnownFileType = sourcecode.c.objc; path = LyHeardView.m; sourceTree = "<group>"; };
		B53C6FAA2328F698001E8697 /* LyModel.h */ = {isa = PBXFileReference; fileEncoding = 4; lastKnownFileType = sourcecode.c.h; path = LyModel.h; sourceTree = "<group>"; };
		B53C6FAB2328F699001E8697 /* LyModel.m */ = {isa = PBXFileReference; fileEncoding = 4; lastKnownFileType = sourcecode.c.objc; path = LyModel.m; sourceTree = "<group>"; };
		B53C6FAC2328F699001E8697 /* LyHeardView.h */ = {isa = PBXFileReference; fileEncoding = 4; lastKnownFileType = sourcecode.c.h; path = LyHeardView.h; sourceTree = "<group>"; };
		B5647F891EF8FB4C009CF536 /* BNPopupWindow.h */ = {isa = PBXFileReference; fileEncoding = 4; lastKnownFileType = sourcecode.c.h; path = BNPopupWindow.h; sourceTree = "<group>"; };
		B5647F8A1EF8FB4C009CF536 /* BNPopupWindow.m */ = {isa = PBXFileReference; fileEncoding = 4; lastKnownFileType = sourcecode.c.objc; path = BNPopupWindow.m; sourceTree = "<group>"; };
		B5647F8D1EF9084E009CF536 /* BasePopoverVC.h */ = {isa = PBXFileReference; fileEncoding = 4; lastKnownFileType = sourcecode.c.h; path = BasePopoverVC.h; sourceTree = "<group>"; };
		B5647F8E1EF9084E009CF536 /* BasePopoverVC.m */ = {isa = PBXFileReference; fileEncoding = 4; lastKnownFileType = sourcecode.c.objc; path = BasePopoverVC.m; sourceTree = "<group>"; };
		B5647F951EF90B1F009CF536 /* MBProgressHUD+Add.h */ = {isa = PBXFileReference; fileEncoding = 4; lastKnownFileType = sourcecode.c.h; path = "MBProgressHUD+Add.h"; sourceTree = "<group>"; };
		B5647F961EF90B1F009CF536 /* MBProgressHUD+Add.m */ = {isa = PBXFileReference; fileEncoding = 4; lastKnownFileType = sourcecode.c.objc; path = "MBProgressHUD+Add.m"; sourceTree = "<group>"; };
		B5647F971EF90B1F009CF536 /* MBProgressHUD.h */ = {isa = PBXFileReference; fileEncoding = 4; lastKnownFileType = sourcecode.c.h; path = MBProgressHUD.h; sourceTree = "<group>"; };
		B5647F981EF90B1F009CF536 /* MBProgressHUD.m */ = {isa = PBXFileReference; fileEncoding = 4; lastKnownFileType = sourcecode.c.objc; path = MBProgressHUD.m; sourceTree = "<group>"; };
		B5647F9B1EF90E7C009CF536 /* UIView+Hierarchy.h */ = {isa = PBXFileReference; fileEncoding = 4; lastKnownFileType = sourcecode.c.h; path = "UIView+Hierarchy.h"; sourceTree = "<group>"; };
		B5647F9C1EF90E7C009CF536 /* UIView+Hierarchy.m */ = {isa = PBXFileReference; fileEncoding = 4; lastKnownFileType = sourcecode.c.objc; path = "UIView+Hierarchy.m"; sourceTree = "<group>"; };
		B5647F9F1EF90EC1009CF536 /* GCDGroup.h */ = {isa = PBXFileReference; fileEncoding = 4; lastKnownFileType = sourcecode.c.h; path = GCDGroup.h; sourceTree = "<group>"; };
		B5647FA01EF90EC1009CF536 /* GCDGroup.m */ = {isa = PBXFileReference; fileEncoding = 4; lastKnownFileType = sourcecode.c.objc; path = GCDGroup.m; sourceTree = "<group>"; };
		B5647FA11EF90EC1009CF536 /* GCDMacros.h */ = {isa = PBXFileReference; fileEncoding = 4; lastKnownFileType = sourcecode.c.h; path = GCDMacros.h; sourceTree = "<group>"; };
		B5647FA21EF90EC1009CF536 /* GCDObjC.h */ = {isa = PBXFileReference; fileEncoding = 4; lastKnownFileType = sourcecode.c.h; path = GCDObjC.h; sourceTree = "<group>"; };
		B5647FA31EF90EC1009CF536 /* GCDQueue.h */ = {isa = PBXFileReference; fileEncoding = 4; lastKnownFileType = sourcecode.c.h; path = GCDQueue.h; sourceTree = "<group>"; };
		B5647FA41EF90EC1009CF536 /* GCDQueue.m */ = {isa = PBXFileReference; fileEncoding = 4; lastKnownFileType = sourcecode.c.objc; path = GCDQueue.m; sourceTree = "<group>"; };
		B5647FA51EF90EC1009CF536 /* GCDSemaphore.h */ = {isa = PBXFileReference; fileEncoding = 4; lastKnownFileType = sourcecode.c.h; path = GCDSemaphore.h; sourceTree = "<group>"; };
		B5647FA61EF90EC1009CF536 /* GCDSemaphore.m */ = {isa = PBXFileReference; fileEncoding = 4; lastKnownFileType = sourcecode.c.objc; path = GCDSemaphore.m; sourceTree = "<group>"; };
		B5647FF21EF912EE009CF536 /* UIImage+Blur.h */ = {isa = PBXFileReference; fileEncoding = 4; lastKnownFileType = sourcecode.c.h; path = "UIImage+Blur.h"; sourceTree = "<group>"; };
		B5647FF31EF912EE009CF536 /* UIImage+Blur.m */ = {isa = PBXFileReference; fileEncoding = 4; lastKnownFileType = sourcecode.c.objc; path = "UIImage+Blur.m"; sourceTree = "<group>"; };
		B5647FF51EF91BC7009CF536 /* CommonUtils.h */ = {isa = PBXFileReference; fileEncoding = 4; lastKnownFileType = sourcecode.c.h; path = CommonUtils.h; sourceTree = "<group>"; };
		B5647FF61EF91BC7009CF536 /* CommonUtils.m */ = {isa = PBXFileReference; fileEncoding = 4; lastKnownFileType = sourcecode.c.objc; path = CommonUtils.m; sourceTree = "<group>"; };
		B57046241F693854006476E2 /* TestModel.h */ = {isa = PBXFileReference; fileEncoding = 4; lastKnownFileType = sourcecode.c.h; path = TestModel.h; sourceTree = "<group>"; };
		B57046251F693854006476E2 /* TestModel.m */ = {isa = PBXFileReference; fileEncoding = 4; lastKnownFileType = sourcecode.c.objc; path = TestModel.m; sourceTree = "<group>"; };
		B595DD4E1F2098080091242B /* ColdHotSignalVC.h */ = {isa = PBXFileReference; fileEncoding = 4; lastKnownFileType = sourcecode.c.h; path = ColdHotSignalVC.h; sourceTree = "<group>"; };
		B595DD4F1F2098080091242B /* ColdHotSignalVC.m */ = {isa = PBXFileReference; fileEncoding = 4; lastKnownFileType = sourcecode.c.objc; path = ColdHotSignalVC.m; sourceTree = "<group>"; };
		B595DD501F2098080091242B /* ColdHotSignalVC.xib */ = {isa = PBXFileReference; fileEncoding = 4; lastKnownFileType = file.xib; path = ColdHotSignalVC.xib; sourceTree = "<group>"; };
		B595DD531F2098310091242B /* ColdHotSignalVM.h */ = {isa = PBXFileReference; fileEncoding = 4; lastKnownFileType = sourcecode.c.h; path = ColdHotSignalVM.h; sourceTree = "<group>"; };
		B595DD541F2098310091242B /* ColdHotSignalVM.m */ = {isa = PBXFileReference; fileEncoding = 4; lastKnownFileType = sourcecode.c.objc; path = ColdHotSignalVM.m; sourceTree = "<group>"; };
		B595DD581F2099BE0091242B /* RACCommand+Extension.h */ = {isa = PBXFileReference; fileEncoding = 4; lastKnownFileType = sourcecode.c.h; path = "RACCommand+Extension.h"; sourceTree = "<group>"; };
		B595DD591F2099BE0091242B /* RACCommand+Extension.m */ = {isa = PBXFileReference; fileEncoding = 4; lastKnownFileType = sourcecode.c.objc; path = "RACCommand+Extension.m"; sourceTree = "<group>"; };
		B595DD5A1F2099BE0091242B /* RACSignal+Extension.h */ = {isa = PBXFileReference; fileEncoding = 4; lastKnownFileType = sourcecode.c.h; path = "RACSignal+Extension.h"; sourceTree = "<group>"; };
		B595DD5B1F2099BE0091242B /* RACSignal+Extension.m */ = {isa = PBXFileReference; fileEncoding = 4; lastKnownFileType = sourcecode.c.objc; path = "RACSignal+Extension.m"; sourceTree = "<group>"; };
		B5FA68A51EF26F870077349C /* BaseViewController.h */ = {isa = PBXFileReference; fileEncoding = 4; lastKnownFileType = sourcecode.c.h; path = BaseViewController.h; sourceTree = "<group>"; };
		B5FA68A61EF26F870077349C /* BaseViewController.m */ = {isa = PBXFileReference; fileEncoding = 4; lastKnownFileType = sourcecode.c.objc; path = BaseViewController.m; sourceTree = "<group>"; };
		B5FA68A81EF26F870077349C /* BNNavigationController.h */ = {isa = PBXFileReference; fileEncoding = 4; lastKnownFileType = sourcecode.c.h; path = BNNavigationController.h; sourceTree = "<group>"; };
		B5FA68A91EF26F870077349C /* BNNavigationController.m */ = {isa = PBXFileReference; fileEncoding = 4; lastKnownFileType = sourcecode.c.objc; path = BNNavigationController.m; sourceTree = "<group>"; };
		B5FA68AB1EF26F870077349C /* BNTabBarController.h */ = {isa = PBXFileReference; fileEncoding = 4; lastKnownFileType = sourcecode.c.h; path = BNTabBarController.h; sourceTree = "<group>"; };
		B5FA68AC1EF26F870077349C /* BNTabBarController.m */ = {isa = PBXFileReference; fileEncoding = 4; lastKnownFileType = sourcecode.c.objc; path = BNTabBarController.m; sourceTree = "<group>"; };
		FCBACE63AB7FE86F982E2A40 /* Pods-TestTemplateProject.debug.xcconfig */ = {isa = PBXFileReference; includeInIndex = 1; lastKnownFileType = text.xcconfig; name = "Pods-TestTemplateProject.debug.xcconfig"; path = "Pods/Target Support Files/Pods-TestTemplateProject/Pods-TestTemplateProject.debug.xcconfig"; sourceTree = "<group>"; };
/* End PBXFileReference section */

/* Begin PBXFrameworksBuildPhase section */
		330F7BBA1ED3321F0009280A /* Frameworks */ = {
			isa = PBXFrameworksBuildPhase;
			buildActionMask = 2147483647;
			files = (
				6ABC08104B7ECC2017FFB126 /* Pods_TestTemplateProject.framework in Frameworks */,
			);
			runOnlyForDeploymentPostprocessing = 0;
		};
/* End PBXFrameworksBuildPhase section */

/* Begin PBXGroup section */
		330F7BB41ED3321F0009280A = {
			isa = PBXGroup;
			children = (
				330F7BBF1ED3321F0009280A /* TestTemplateProject */,
				330F7BBE1ED3321F0009280A /* Products */,
				7B8C9382664DA89AC4C34223 /* Pods */,
				BDE61C448897B6B2235B7026 /* Frameworks */,
			);
			sourceTree = "<group>";
		};
		330F7BBE1ED3321F0009280A /* Products */ = {
			isa = PBXGroup;
			children = (
				330F7BBD1ED3321F0009280A /* TestTemplateProject.app */,
			);
			name = Products;
			sourceTree = "<group>";
		};
		330F7BBF1ED3321F0009280A /* TestTemplateProject */ = {
			isa = PBXGroup;
			children = (
				330F7BD81ED333F00009280A /* Sources */,
				330F7BD71ED333F00009280A /* Resources */,
				330F7BF21ED333F00009280A /* Supporting Files */,
			);
			path = TestTemplateProject;
			sourceTree = "<group>";
		};
		330F7BD71ED333F00009280A /* Resources */ = {
			isa = PBXGroup;
			children = (
				330F7C011ED334380009280A /* Assets.xcassets */,
			);
			path = Resources;
			sourceTree = "<group>";
		};
		330F7BD81ED333F00009280A /* Sources */ = {
			isa = PBXGroup;
			children = (
				330F7BE21ED333F00009280A /* Vendor */,
				330F7BE01ED333F00009280A /* Global */,
				33144ED41EF05059006D27AC /* Utilities */,
				330F7BDB1ED333F00009280A /* Category */,
				B5FA68A31EF26F870077349C /* Base */,
				B5647F871EF8FAEC009CF536 /* Common */,
				330F7BE11ED333F00009280A /* Network */,
				330F7BE31ED333F00009280A /* View */,
				330F7BEE1ED333F00009280A /* ViewController */,
				330F7BD91ED333F00009280A /* AppDelegate.h */,
				330F7BDA1ED333F00009280A /* AppDelegate.m */,
			);
			path = Sources;
			sourceTree = "<group>";
		};
		330F7BDB1ED333F00009280A /* Category */ = {
			isa = PBXGroup;
			children = (
				B5647F9B1EF90E7C009CF536 /* UIView+Hierarchy.h */,
				B5647F9C1EF90E7C009CF536 /* UIView+Hierarchy.m */,
				330F7C0A1ED349AB0009280A /* UIView+Helper.h */,
				330F7C0B1ED349AB0009280A /* UIView+Helper.m */,
				33144EF71EF05218006D27AC /* NSString+Size.h */,
				33144EF81EF05218006D27AC /* NSString+Size.m */,
				B5647FF21EF912EE009CF536 /* UIImage+Blur.h */,
				B5647FF31EF912EE009CF536 /* UIImage+Blur.m */,
				B595DD571F2099BE0091242B /* RACPatch */,
			);
			path = Category;
			sourceTree = "<group>";
		};
		330F7BE01ED333F00009280A /* Global */ = {
			isa = PBXGroup;
			children = (
				330F7ECC1ED352250009280A /* PrefixHeader.pch */,
				33144ED11EF04F1D006D27AC /* commonConstDef.h */,
				33144ED31EF04F1D006D27AC /* typedef.h */,
				33144ED21EF04F1D006D27AC /* macrodef.h */,
			);
			path = Global;
			sourceTree = "<group>";
		};
		330F7BE11ED333F00009280A /* Network */ = {
			isa = PBXGroup;
			children = (
			);
			path = Network;
			sourceTree = "<group>";
		};
		330F7BE21ED333F00009280A /* Vendor */ = {
			isa = PBXGroup;
			children = (
				337EEC261EDC3F2C00EDC166 /* DLIntrospection */,
				B5647F941EF90B1F009CF536 /* MBProgressHUD */,
				B5647F9E1EF90EC1009CF536 /* GCDObjC */,
			);
			path = Vendor;
			sourceTree = "<group>";
		};
		330F7BE31ED333F00009280A /* View */ = {
			isa = PBXGroup;
			children = (
			);
			path = View;
			sourceTree = "<group>";
		};
		330F7BEE1ED333F00009280A /* ViewController */ = {
			isa = PBXGroup;
			children = (
				B50394D51EEE71E00016FA97 /* HomePageVC.h */,
				B50394D61EEE71E00016FA97 /* HomePageVC.m */,
				B50394D71EEE71E00016FA97 /* HomePageVC.xib */,
				33454B341F764EA600DC3F14 /* Usage */,
				33454B2E1F764D9D00DC3F14 /* LifeCycleAndMemory */,
				B595DD4D1F2097EC0091242B /* ColdHotSignal */,
				331B4D2222ED7F2B00BE1A47 /* MemoryLeak */,
				33454B461F764FA300DC3F14 /* SingleOperaions */,
				33454B471F764FAB00DC3F14 /* GroupOperations */,
				33454B401F764EE700DC3F14 /* TwoWayBinding */,
				B50394DA1EEE71FB0016FA97 /* Playground */,
			);
			path = ViewController;
			sourceTree = "<group>";
		};
		330F7BF21ED333F00009280A /* Supporting Files */ = {
			isa = PBXGroup;
			children = (
				B53C6D2523262FB4001E8697 /* TestTemplateProject-Bridging-Header.h */,
				330F7BF41ED333F00009280A /* Info.plist */,
				330F7BF51ED333F00009280A /* main.m */,
			);
			path = "Supporting Files";
			sourceTree = "<group>";
		};
		33144ED41EF05059006D27AC /* Utilities */ = {
			isa = PBXGroup;
			children = (
				33144EEB1EF05059006D27AC /* Utility.h */,
				33144EE91EF05059006D27AC /* UIUtils.h */,
				33144EEA1EF05059006D27AC /* UIUtils.m */,
				B5647FF51EF91BC7009CF536 /* CommonUtils.h */,
				B5647FF61EF91BC7009CF536 /* CommonUtils.m */,
			);
			path = Utilities;
			sourceTree = "<group>";
		};
		331B4D2222ED7F2B00BE1A47 /* MemoryLeak */ = {
			isa = PBXGroup;
			children = (
				331B4D2E22ED82C600BE1A47 /* RACMLKVC.h */,
				331B4D2F22ED82C600BE1A47 /* RACMLKVC.m */,
				331B4D3022ED82C600BE1A47 /* RACMLKVC.xib */,
			);
			path = MemoryLeak;
			sourceTree = "<group>";
		};
		33454B2E1F764D9D00DC3F14 /* LifeCycleAndMemory */ = {
			isa = PBXGroup;
			children = (
				33454B2F1F764DB900DC3F14 /* LifeCycleAndMemoryVC.h */,
				33454B301F764DB900DC3F14 /* LifeCycleAndMemoryVC.m */,
				33454B311F764DB900DC3F14 /* LifeCycleAndMemoryVC.xib */,
			);
			path = LifeCycleAndMemory;
			sourceTree = "<group>";
		};
		33454B341F764EA600DC3F14 /* Usage */ = {
			isa = PBXGroup;
			children = (
				B53C6F622328EB70001E8697 /* ObjCDemo */,
				B53C6F5A2328EB70001E8697 /* SwiftDemo */,
				B53C6D28232636DC001E8697 /* CocoaUsageVC.swift */,
				B53C6D29232636DC001E8697 /* CocoaUsageVC.xib */,
			);
			path = Usage;
			sourceTree = "<group>";
		};
		33454B401F764EE700DC3F14 /* TwoWayBinding */ = {
			isa = PBXGroup;
			children = (
				33454B411F764EFD00DC3F14 /* TwoWayBindingVC.h */,
				33454B421F764EFD00DC3F14 /* TwoWayBindingVC.m */,
				33454B431F764EFD00DC3F14 /* TwoWayBindingVC.xib */,
				3319AE9C22EDB24A001722B6 /* RACChannelTo.jpeg */,
				3319AE9B22EDB249001722B6 /* TwoWayBinding.png */,
			);
			path = TwoWayBinding;
			sourceTree = "<group>";
		};
		33454B461F764FA300DC3F14 /* SingleOperaions */ = {
			isa = PBXGroup;
			children = (
				33454B481F76501000DC3F14 /* SingleOperationsVC.h */,
				33454B491F76501000DC3F14 /* SingleOperationsVC.m */,
				33454B4A1F76501000DC3F14 /* SingleOperationsVC.xib */,
			);
			path = SingleOperaions;
			sourceTree = "<group>";
		};
		33454B471F764FAB00DC3F14 /* GroupOperations */ = {
			isa = PBXGroup;
			children = (
				33454B4D1F76501D00DC3F14 /* GroupOperationsVC.h */,
				33454B4E1F76501D00DC3F14 /* GroupOperationsVC.m */,
				33454B4F1F76501D00DC3F14 /* GroupOperationsVC.xib */,
			);
			path = GroupOperations;
			sourceTree = "<group>";
		};
		337EEC261EDC3F2C00EDC166 /* DLIntrospection */ = {
			isa = PBXGroup;
			children = (
				337EEC271EDC3F2C00EDC166 /* NSObject+DLIntrospection.h */,
				337EEC281EDC3F2C00EDC166 /* NSObject+DLIntrospection.m */,
			);
			path = DLIntrospection;
			sourceTree = "<group>";
		};
		7B8C9382664DA89AC4C34223 /* Pods */ = {
			isa = PBXGroup;
			children = (
				FCBACE63AB7FE86F982E2A40 /* Pods-TestTemplateProject.debug.xcconfig */,
				3EBF4711FA3970AC76C3C06F /* Pods-TestTemplateProject.release.xcconfig */,
			);
			name = Pods;
			sourceTree = "<group>";
		};
		B50394DA1EEE71FB0016FA97 /* Playground */ = {
			isa = PBXGroup;
			children = (
				B57046241F693854006476E2 /* TestModel.h */,
				B57046251F693854006476E2 /* TestModel.m */,
				B50394DB1EEE71FB0016FA97 /* PlaygroundVC.h */,
				B50394DC1EEE71FB0016FA97 /* PlaygroundVC.m */,
				B50394DD1EEE71FB0016FA97 /* PlaygroundVC.xib */,
			);
			path = Playground;
			sourceTree = "<group>";
		};
		B507113A1F0E4A39008EC4AE /* BaseWindowRootVC */ = {
			isa = PBXGroup;
			children = (
				B507113B1F0E4A39008EC4AE /* BaseWindowRootVC.h */,
				B507113C1F0E4A39008EC4AE /* BaseWindowRootVC.m */,
			);
			path = BaseWindowRootVC;
			sourceTree = "<group>";
		};
		B507113E1F0E4A4A008EC4AE /* BNPopoverWindow */ = {
			isa = PBXGroup;
			children = (
				B50711491F0E4A4A008EC4AE /* BNPopoverWindow.h */,
				B507114A1F0E4A4A008EC4AE /* BNPopoverWindow.m */,
				B507114B1F0E4A4A008EC4AE /* BNPopoverWindowRootVC.h */,
				B507114C1F0E4A4A008EC4AE /* BNPopoverWindowRootVC.m */,
				B507113F1F0E4A4A008EC4AE /* BNPopoverCommon.h */,
				B50711531F0E4AB3008EC4AE /* BNPopoverLayoutStrategy */,
			);
			path = BNPopoverWindow;
			sourceTree = "<group>";
		};
		B50711531F0E4AB3008EC4AE /* BNPopoverLayoutStrategy */ = {
			isa = PBXGroup;
			children = (
				B50711541F0E4AB3008EC4AE /* BNPopoverBaseLayout.h */,
				B50711551F0E4AB3008EC4AE /* BNPopoverBaseLayout.m */,
				B50711561F0E4AB3008EC4AE /* BNPopoverBottomLayout.h */,
				B50711571F0E4AB3008EC4AE /* BNPopoverBottomLayout.m */,
				B507115A1F0E4AB3008EC4AE /* BNPopoverCenterLayout.h */,
				B507115B1F0E4AB3008EC4AE /* BNPopoverCenterLayout.m */,
				B50711581F0E4AB3008EC4AE /* BNPopoverCustomLayout.h */,
				B50711591F0E4AB3008EC4AE /* BNPopoverCustomLayout.m */,
			);
			path = BNPopoverLayoutStrategy;
			sourceTree = "<group>";
		};
		B53C6F5A2328EB70001E8697 /* SwiftDemo */ = {
			isa = PBXGroup;
			children = (
				B53C6F5B2328EB70001E8697 /* SwiftUsageVC.swift */,
				B53C6F5F2328EB70001E8697 /* LyContentView.swift */,
				B53C6F612328EB70001E8697 /* Student.swift */,
				B53C6F5C2328EB70001E8697 /* Person.swift */,
				B53C6F5E2328EB70001E8697 /* Room.swift */,
				B53C6F602328EB70001E8697 /* BaseModel.swift */,
				B53C6F5D2328EB70001E8697 /* NSObject-model.swift */,
			);
			path = SwiftDemo;
			sourceTree = "<group>";
		};
		B53C6F622328EB70001E8697 /* ObjCDemo */ = {
			isa = PBXGroup;
			children = (
				B53C6F662328EB70001E8697 /* ObjCUsageVC.h */,
				B53C6F642328EB70001E8697 /* ObjCUsageVC.m */,
				B53C6F632328EB70001E8697 /* LyViewController.h */,
				B53C6F652328EB70001E8697 /* LyViewController.m */,
				B53C6FAC2328F699001E8697 /* LyHeardView.h */,
				B53C6FA82328F698001E8697 /* LyHeardView.m */,
				B53C6FAA2328F698001E8697 /* LyModel.h */,
				B53C6FAB2328F699001E8697 /* LyModel.m */,
			);
			path = ObjCDemo;
			sourceTree = "<group>";
		};
		B5647F871EF8FAEC009CF536 /* Common */ = {
			isa = PBXGroup;
			children = (
				B5647F881EF8FB3B009CF536 /* BNPopupWindow */,
			);
			path = Common;
			sourceTree = "<group>";
		};
		B5647F881EF8FB3B009CF536 /* BNPopupWindow */ = {
			isa = PBXGroup;
			children = (
				B5647F891EF8FB4C009CF536 /* BNPopupWindow.h */,
				B5647F8A1EF8FB4C009CF536 /* BNPopupWindow.m */,
			);
			path = BNPopupWindow;
			sourceTree = "<group>";
		};
		B5647F8C1EF9084E009CF536 /* BasePopoverVC */ = {
			isa = PBXGroup;
			children = (
				B5647F8D1EF9084E009CF536 /* BasePopoverVC.h */,
				B5647F8E1EF9084E009CF536 /* BasePopoverVC.m */,
			);
			path = BasePopoverVC;
			sourceTree = "<group>";
		};
		B5647F941EF90B1F009CF536 /* MBProgressHUD */ = {
			isa = PBXGroup;
			children = (
				B5647F971EF90B1F009CF536 /* MBProgressHUD.h */,
				B5647F981EF90B1F009CF536 /* MBProgressHUD.m */,
				B5647F951EF90B1F009CF536 /* MBProgressHUD+Add.h */,
				B5647F961EF90B1F009CF536 /* MBProgressHUD+Add.m */,
			);
			path = MBProgressHUD;
			sourceTree = "<group>";
		};
		B5647F9E1EF90EC1009CF536 /* GCDObjC */ = {
			isa = PBXGroup;
			children = (
				B5647F9F1EF90EC1009CF536 /* GCDGroup.h */,
				B5647FA01EF90EC1009CF536 /* GCDGroup.m */,
				B5647FA11EF90EC1009CF536 /* GCDMacros.h */,
				B5647FA21EF90EC1009CF536 /* GCDObjC.h */,
				B5647FA31EF90EC1009CF536 /* GCDQueue.h */,
				B5647FA41EF90EC1009CF536 /* GCDQueue.m */,
				B5647FA51EF90EC1009CF536 /* GCDSemaphore.h */,
				B5647FA61EF90EC1009CF536 /* GCDSemaphore.m */,
			);
			path = GCDObjC;
			sourceTree = "<group>";
		};
		B595DD4D1F2097EC0091242B /* ColdHotSignal */ = {
			isa = PBXGroup;
			children = (
				B595DD4E1F2098080091242B /* ColdHotSignalVC.h */,
				B595DD4F1F2098080091242B /* ColdHotSignalVC.m */,
				B595DD501F2098080091242B /* ColdHotSignalVC.xib */,
				B595DD531F2098310091242B /* ColdHotSignalVM.h */,
				B595DD541F2098310091242B /* ColdHotSignalVM.m */,
			);
			path = ColdHotSignal;
			sourceTree = "<group>";
		};
		B595DD571F2099BE0091242B /* RACPatch */ = {
			isa = PBXGroup;
			children = (
				33454B551F76517400DC3F14 /* NSUserDefaults+CustomRACSupport.h */,
				33454B561F76517400DC3F14 /* NSUserDefaults+CustomRACSupport.m */,
				B595DD5A1F2099BE0091242B /* RACSignal+Extension.h */,
				B595DD5B1F2099BE0091242B /* RACSignal+Extension.m */,
				B595DD581F2099BE0091242B /* RACCommand+Extension.h */,
				B595DD591F2099BE0091242B /* RACCommand+Extension.m */,
			);
			path = RACPatch;
			sourceTree = "<group>";
		};
		B5FA68A31EF26F870077349C /* Base */ = {
			isa = PBXGroup;
			children = (
				B5FA68A41EF26F870077349C /* BaseViewController */,
				B5647F8C1EF9084E009CF536 /* BasePopoverVC */,
				B507113A1F0E4A39008EC4AE /* BaseWindowRootVC */,
				B5FA68A71EF26F870077349C /* BNNavigationController */,
				B5FA68AA1EF26F870077349C /* BNTabBarController */,
				B507113E1F0E4A4A008EC4AE /* BNPopoverWindow */,
			);
			path = Base;
			sourceTree = "<group>";
		};
		B5FA68A41EF26F870077349C /* BaseViewController */ = {
			isa = PBXGroup;
			children = (
				B5FA68A51EF26F870077349C /* BaseViewController.h */,
				B5FA68A61EF26F870077349C /* BaseViewController.m */,
			);
			path = BaseViewController;
			sourceTree = "<group>";
		};
		B5FA68A71EF26F870077349C /* BNNavigationController */ = {
			isa = PBXGroup;
			children = (
				B5FA68A81EF26F870077349C /* BNNavigationController.h */,
				B5FA68A91EF26F870077349C /* BNNavigationController.m */,
			);
			path = BNNavigationController;
			sourceTree = "<group>";
		};
		B5FA68AA1EF26F870077349C /* BNTabBarController */ = {
			isa = PBXGroup;
			children = (
				B5FA68AB1EF26F870077349C /* BNTabBarController.h */,
				B5FA68AC1EF26F870077349C /* BNTabBarController.m */,
			);
			path = BNTabBarController;
			sourceTree = "<group>";
		};
		BDE61C448897B6B2235B7026 /* Frameworks */ = {
			isa = PBXGroup;
			children = (
				6111390E963A1B8E71ADAAC5 /* Pods_TestTemplateProject.framework */,
			);
			name = Frameworks;
			sourceTree = "<group>";
		};
/* End PBXGroup section */

/* Begin PBXNativeTarget section */
		330F7BBC1ED3321F0009280A /* TestTemplateProject */ = {
			isa = PBXNativeTarget;
			buildConfigurationList = 330F7BD41ED3321F0009280A /* Build configuration list for PBXNativeTarget "TestTemplateProject" */;
			buildPhases = (
				60FC5D81E55E1B15C1753C67 /* [CP] Check Pods Manifest.lock */,
				330F7BB91ED3321F0009280A /* Sources */,
				330F7BBA1ED3321F0009280A /* Frameworks */,
				330F7BBB1ED3321F0009280A /* Resources */,
				294DDAF1896BE0701C735CFA /* [CP] Embed Pods Frameworks */,
			);
			buildRules = (
			);
			dependencies = (
			);
			name = TestTemplateProject;
			productName = TestTemplateProject;
			productReference = 330F7BBD1ED3321F0009280A /* TestTemplateProject.app */;
			productType = "com.apple.product-type.application";
		};
/* End PBXNativeTarget section */

/* Begin PBXProject section */
		330F7BB51ED3321F0009280A /* Project object */ = {
			isa = PBXProject;
			attributes = {
				LastUpgradeCheck = 0920;
				ORGANIZATIONNAME = iOSStudio;
				TargetAttributes = {
					330F7BBC1ED3321F0009280A = {
						CreatedOnToolsVersion = 8.3.2;
						LastSwiftMigration = 1030;
						ProvisioningStyle = Manual;
					};
				};
			};
			buildConfigurationList = 330F7BB81ED3321F0009280A /* Build configuration list for PBXProject "TestTemplateProject" */;
			compatibilityVersion = "Xcode 3.2";
			developmentRegion = English;
			hasScannedForEncodings = 0;
			knownRegions = (
				English,
				en,
				Base,
			);
			mainGroup = 330F7BB41ED3321F0009280A;
			productRefGroup = 330F7BBE1ED3321F0009280A /* Products */;
			projectDirPath = "";
			projectRoot = "";
			targets = (
				330F7BBC1ED3321F0009280A /* TestTemplateProject */,
			);
		};
/* End PBXProject section */

/* Begin PBXResourcesBuildPhase section */
		330F7BBB1ED3321F0009280A /* Resources */ = {
			isa = PBXResourcesBuildPhase;
			buildActionMask = 2147483647;
			files = (
				B595DD521F2098080091242B /* ColdHotSignalVC.xib in Resources */,
				B53C6D2B232636DC001E8697 /* CocoaUsageVC.xib in Resources */,
				33454B511F76501D00DC3F14 /* GroupOperationsVC.xib in Resources */,
				B50394D91EEE71E00016FA97 /* HomePageVC.xib in Resources */,
				33454B451F764EFD00DC3F14 /* TwoWayBindingVC.xib in Resources */,
				B50394DF1EEE71FB0016FA97 /* PlaygroundVC.xib in Resources */,
				330F7C021ED334380009280A /* Assets.xcassets in Resources */,
				33454B4C1F76501000DC3F14 /* SingleOperationsVC.xib in Resources */,
				33454B331F764DB900DC3F14 /* LifeCycleAndMemoryVC.xib in Resources */,
				3319AE9D22EDB24A001722B6 /* TwoWayBinding.png in Resources */,
				331B4D3222ED82C600BE1A47 /* RACMLKVC.xib in Resources */,
				3319AE9E22EDB24A001722B6 /* RACChannelTo.jpeg in Resources */,
			);
			runOnlyForDeploymentPostprocessing = 0;
		};
/* End PBXResourcesBuildPhase section */

/* Begin PBXShellScriptBuildPhase section */
		294DDAF1896BE0701C735CFA /* [CP] Embed Pods Frameworks */ = {
			isa = PBXShellScriptBuildPhase;
			buildActionMask = 2147483647;
			files = (
			);
			inputPaths = (
				"${PODS_ROOT}/Target Support Files/Pods-TestTemplateProject/Pods-TestTemplateProject-frameworks.sh",
				"${BUILT_PRODUCTS_DIR}/IQKeyboardManager/IQKeyboardManager.framework",
				"${BUILT_PRODUCTS_DIR}/Masonry/Masonry.framework",
				"${BUILT_PRODUCTS_DIR}/ReactiveCocoa/ReactiveCocoa.framework",
				"${BUILT_PRODUCTS_DIR}/ReactiveObjC/ReactiveObjC.framework",
				"${BUILT_PRODUCTS_DIR}/ReactiveObjCBridge/ReactiveObjCBridge.framework",
				"${BUILT_PRODUCTS_DIR}/ReactiveSwift/ReactiveSwift.framework",
				"${BUILT_PRODUCTS_DIR}/SDWebImage/SDWebImage.framework",
				"${BUILT_PRODUCTS_DIR}/SnapKit/SnapKit.framework",
			);
			name = "[CP] Embed Pods Frameworks";
			outputPaths = (
				"${TARGET_BUILD_DIR}/${FRAMEWORKS_FOLDER_PATH}/IQKeyboardManager.framework",
				"${TARGET_BUILD_DIR}/${FRAMEWORKS_FOLDER_PATH}/Masonry.framework",
				"${TARGET_BUILD_DIR}/${FRAMEWORKS_FOLDER_PATH}/ReactiveCocoa.framework",
				"${TARGET_BUILD_DIR}/${FRAMEWORKS_FOLDER_PATH}/ReactiveObjC.framework",
				"${TARGET_BUILD_DIR}/${FRAMEWORKS_FOLDER_PATH}/ReactiveObjCBridge.framework",
				"${TARGET_BUILD_DIR}/${FRAMEWORKS_FOLDER_PATH}/ReactiveSwift.framework",
				"${TARGET_BUILD_DIR}/${FRAMEWORKS_FOLDER_PATH}/SDWebImage.framework",
				"${TARGET_BUILD_DIR}/${FRAMEWORKS_FOLDER_PATH}/SnapKit.framework",
			);
			runOnlyForDeploymentPostprocessing = 0;
			shellPath = /bin/sh;
			shellScript = "\"${PODS_ROOT}/Target Support Files/Pods-TestTemplateProject/Pods-TestTemplateProject-frameworks.sh\"\n";
			showEnvVarsInLog = 0;
		};
		60FC5D81E55E1B15C1753C67 /* [CP] Check Pods Manifest.lock */ = {
			isa = PBXShellScriptBuildPhase;
			buildActionMask = 2147483647;
			files = (
			);
			inputPaths = (
				"${PODS_PODFILE_DIR_PATH}/Podfile.lock",
				"${PODS_ROOT}/Manifest.lock",
			);
			name = "[CP] Check Pods Manifest.lock";
			outputPaths = (
				"$(DERIVED_FILE_DIR)/Pods-TestTemplateProject-checkManifestLockResult.txt",
			);
			runOnlyForDeploymentPostprocessing = 0;
			shellPath = /bin/sh;
			shellScript = "diff \"${PODS_PODFILE_DIR_PATH}/Podfile.lock\" \"${PODS_ROOT}/Manifest.lock\" > /dev/null\nif [ $? != 0 ] ; then\n    # print error to STDERR\n    echo \"error: The sandbox is not in sync with the Podfile.lock. Run 'pod install' or update your CocoaPods installation.\" >&2\n    exit 1\nfi\n# This output is used by Xcode 'outputs' to avoid re-running this script phase.\necho \"SUCCESS\" > \"${SCRIPT_OUTPUT_FILE_0}\"\n";
			showEnvVarsInLog = 0;
		};
/* End PBXShellScriptBuildPhase section */

/* Begin PBXSourcesBuildPhase section */
		330F7BB91ED3321F0009280A /* Sources */ = {
			isa = PBXSourcesBuildPhase;
			buildActionMask = 2147483647;
			files = (
				33454B501F76501D00DC3F14 /* GroupOperationsVC.m in Sources */,
				B507115D1F0E4AB3008EC4AE /* BNPopoverBottomLayout.m in Sources */,
				B53C6FAF2328F699001E8697 /* LyModel.m in Sources */,
				B5647FF41EF912EE009CF536 /* UIImage+Blur.m in Sources */,
				33144EF91EF05218006D27AC /* NSString+Size.m in Sources */,
				B53C6D2A232636DC001E8697 /* CocoaUsageVC.swift in Sources */,
				33144EF61EF05059006D27AC /* UIUtils.m in Sources */,
				33454B441F764EFD00DC3F14 /* TwoWayBindingVC.m in Sources */,
				B595DD551F2098310091242B /* ColdHotSignalVM.m in Sources */,
				B5FA68AD1EF26F870077349C /* BaseViewController.m in Sources */,
				B507115C1F0E4AB3008EC4AE /* BNPopoverBaseLayout.m in Sources */,
				B5FA68AE1EF26F870077349C /* BNNavigationController.m in Sources */,
				B5647FA81EF90EC1009CF536 /* GCDQueue.m in Sources */,
				B50394D81EEE71E00016FA97 /* HomePageVC.m in Sources */,
				B53C6F682328EB70001E8697 /* Person.swift in Sources */,
				B53C6F6A2328EB70001E8697 /* Room.swift in Sources */,
				33454B321F764DB900DC3F14 /* LifeCycleAndMemoryVC.m in Sources */,
				B50711511F0E4A4A008EC4AE /* BNPopoverWindow.m in Sources */,
				B53C6F6C2328EB70001E8697 /* BaseModel.swift in Sources */,
				B50394DE1EEE71FB0016FA97 /* PlaygroundVC.m in Sources */,
				B595DD5D1F2099BE0091242B /* RACSignal+Extension.m in Sources */,
				330F7BF61ED333F00009280A /* AppDelegate.m in Sources */,
				B53C6F672328EB70001E8697 /* SwiftUsageVC.swift in Sources */,
				B507115F1F0E4AB3008EC4AE /* BNPopoverCenterLayout.m in Sources */,
				33454B4B1F76501000DC3F14 /* SingleOperationsVC.m in Sources */,
				B5647F9A1EF90B1F009CF536 /* MBProgressHUD.m in Sources */,
				B5647F991EF90B1F009CF536 /* MBProgressHUD+Add.m in Sources */,
				33454B571F76517400DC3F14 /* NSUserDefaults+CustomRACSupport.m in Sources */,
				B5647F8B1EF8FB4C009CF536 /* BNPopupWindow.m in Sources */,
				B5647F9D1EF90E7C009CF536 /* UIView+Hierarchy.m in Sources */,
				B595DD511F2098080091242B /* ColdHotSignalVC.m in Sources */,
				330F7C0D1ED349AB0009280A /* UIView+Helper.m in Sources */,
				B53C6F6F2328EB70001E8697 /* LyViewController.m in Sources */,
				B53C6F6D2328EB70001E8697 /* Student.swift in Sources */,
				B53C6F692328EB70001E8697 /* NSObject-model.swift in Sources */,
				B53C6F6B2328EB70001E8697 /* LyContentView.swift in Sources */,
				B53C6F6E2328EB70001E8697 /* ObjCUsageVC.m in Sources */,
				B5647FA71EF90EC1009CF536 /* GCDGroup.m in Sources */,
				B50711521F0E4A4A008EC4AE /* BNPopoverWindowRootVC.m in Sources */,
				B5647FA91EF90EC1009CF536 /* GCDSemaphore.m in Sources */,
				331B4D3122ED82C600BE1A47 /* RACMLKVC.m in Sources */,
				B57046261F693854006476E2 /* TestModel.m in Sources */,
				B53C6FAE2328F699001E8697 /* LyHeardView.m in Sources */,
				B595DD5C1F2099BE0091242B /* RACCommand+Extension.m in Sources */,
				B5FA68AF1EF26F870077349C /* BNTabBarController.m in Sources */,
				330F7C001ED333F00009280A /* main.m in Sources */,
				B5647F8F1EF9084E009CF536 /* BasePopoverVC.m in Sources */,
				B507115E1F0E4AB3008EC4AE /* BNPopoverCustomLayout.m in Sources */,
				B507113D1F0E4A39008EC4AE /* BaseWindowRootVC.m in Sources */,
				B5647FF71EF91BC7009CF536 /* CommonUtils.m in Sources */,
				337EEC291EDC3F2C00EDC166 /* NSObject+DLIntrospection.m in Sources */,
			);
			runOnlyForDeploymentPostprocessing = 0;
		};
/* End PBXSourcesBuildPhase section */

/* Begin XCBuildConfiguration section */
		330F7BD21ED3321F0009280A /* Debug */ = {
			isa = XCBuildConfiguration;
			buildSettings = {
				ALWAYS_SEARCH_USER_PATHS = NO;
				CLANG_ANALYZER_NONNULL = YES;
				CLANG_ANALYZER_NUMBER_OBJECT_CONVERSION = YES_AGGRESSIVE;
				CLANG_CXX_LANGUAGE_STANDARD = "gnu++0x";
				CLANG_CXX_LIBRARY = "libc++";
				CLANG_ENABLE_MODULES = YES;
				CLANG_ENABLE_OBJC_ARC = YES;
				CLANG_WARN_BLOCK_CAPTURE_AUTORELEASING = YES;
				CLANG_WARN_BOOL_CONVERSION = YES;
				CLANG_WARN_COMMA = YES;
				CLANG_WARN_CONSTANT_CONVERSION = YES;
				CLANG_WARN_DIRECT_OBJC_ISA_USAGE = YES_ERROR;
				CLANG_WARN_DOCUMENTATION_COMMENTS = YES;
				CLANG_WARN_EMPTY_BODY = YES;
				CLANG_WARN_ENUM_CONVERSION = YES;
				CLANG_WARN_INFINITE_RECURSION = YES;
				CLANG_WARN_INT_CONVERSION = YES;
				CLANG_WARN_NON_LITERAL_NULL_CONVERSION = YES;
				CLANG_WARN_OBJC_LITERAL_CONVERSION = YES;
				CLANG_WARN_OBJC_ROOT_CLASS = YES_ERROR;
				CLANG_WARN_RANGE_LOOP_ANALYSIS = YES;
				CLANG_WARN_STRICT_PROTOTYPES = YES;
				CLANG_WARN_SUSPICIOUS_MOVE = YES;
				CLANG_WARN_UNREACHABLE_CODE = YES;
				CLANG_WARN__DUPLICATE_METHOD_MATCH = YES;
				"CODE_SIGN_IDENTITY[sdk=iphoneos*]" = "iPhone Developer";
				COPY_PHASE_STRIP = NO;
				DEBUG_INFORMATION_FORMAT = dwarf;
				ENABLE_STRICT_OBJC_MSGSEND = YES;
				ENABLE_TESTABILITY = YES;
				GCC_C_LANGUAGE_STANDARD = gnu99;
				GCC_DYNAMIC_NO_PIC = NO;
				GCC_NO_COMMON_BLOCKS = YES;
				GCC_OPTIMIZATION_LEVEL = 0;
				GCC_PREPROCESSOR_DEFINITIONS = (
					"DEBUG=1",
					"$(inherited)",
				);
				GCC_WARN_64_TO_32_BIT_CONVERSION = YES;
				GCC_WARN_ABOUT_RETURN_TYPE = YES_ERROR;
				GCC_WARN_UNDECLARED_SELECTOR = YES;
				GCC_WARN_UNINITIALIZED_AUTOS = YES_AGGRESSIVE;
				GCC_WARN_UNUSED_FUNCTION = YES;
				GCC_WARN_UNUSED_VARIABLE = YES;
				IPHONEOS_DEPLOYMENT_TARGET = 8.0;
				MTL_ENABLE_DEBUG_INFO = YES;
				ONLY_ACTIVE_ARCH = YES;
				SDKROOT = iphoneos;
			};
			name = Debug;
		};
		330F7BD31ED3321F0009280A /* Release */ = {
			isa = XCBuildConfiguration;
			buildSettings = {
				ALWAYS_SEARCH_USER_PATHS = NO;
				CLANG_ANALYZER_NONNULL = YES;
				CLANG_ANALYZER_NUMBER_OBJECT_CONVERSION = YES_AGGRESSIVE;
				CLANG_CXX_LANGUAGE_STANDARD = "gnu++0x";
				CLANG_CXX_LIBRARY = "libc++";
				CLANG_ENABLE_MODULES = YES;
				CLANG_ENABLE_OBJC_ARC = YES;
				CLANG_WARN_BLOCK_CAPTURE_AUTORELEASING = YES;
				CLANG_WARN_BOOL_CONVERSION = YES;
				CLANG_WARN_COMMA = YES;
				CLANG_WARN_CONSTANT_CONVERSION = YES;
				CLANG_WARN_DIRECT_OBJC_ISA_USAGE = YES_ERROR;
				CLANG_WARN_DOCUMENTATION_COMMENTS = YES;
				CLANG_WARN_EMPTY_BODY = YES;
				CLANG_WARN_ENUM_CONVERSION = YES;
				CLANG_WARN_INFINITE_RECURSION = YES;
				CLANG_WARN_INT_CONVERSION = YES;
				CLANG_WARN_NON_LITERAL_NULL_CONVERSION = YES;
				CLANG_WARN_OBJC_LITERAL_CONVERSION = YES;
				CLANG_WARN_OBJC_ROOT_CLASS = YES_ERROR;
				CLANG_WARN_RANGE_LOOP_ANALYSIS = YES;
				CLANG_WARN_STRICT_PROTOTYPES = YES;
				CLANG_WARN_SUSPICIOUS_MOVE = YES;
				CLANG_WARN_UNREACHABLE_CODE = YES;
				CLANG_WARN__DUPLICATE_METHOD_MATCH = YES;
				"CODE_SIGN_IDENTITY[sdk=iphoneos*]" = "iPhone Developer";
				COPY_PHASE_STRIP = NO;
				DEBUG_INFORMATION_FORMAT = "dwarf-with-dsym";
				ENABLE_NS_ASSERTIONS = NO;
				ENABLE_STRICT_OBJC_MSGSEND = YES;
				GCC_C_LANGUAGE_STANDARD = gnu99;
				GCC_NO_COMMON_BLOCKS = YES;
				GCC_WARN_64_TO_32_BIT_CONVERSION = YES;
				GCC_WARN_ABOUT_RETURN_TYPE = YES_ERROR;
				GCC_WARN_UNDECLARED_SELECTOR = YES;
				GCC_WARN_UNINITIALIZED_AUTOS = YES_AGGRESSIVE;
				GCC_WARN_UNUSED_FUNCTION = YES;
				GCC_WARN_UNUSED_VARIABLE = YES;
				IPHONEOS_DEPLOYMENT_TARGET = 8.0;
				MTL_ENABLE_DEBUG_INFO = NO;
				SDKROOT = iphoneos;
				VALIDATE_PRODUCT = YES;
			};
			name = Release;
		};
		330F7BD51ED3321F0009280A /* Debug */ = {
			isa = XCBuildConfiguration;
			baseConfigurationReference = FCBACE63AB7FE86F982E2A40 /* Pods-TestTemplateProject.debug.xcconfig */;
			buildSettings = {
				ASSETCATALOG_COMPILER_APPICON_NAME = AppIcon;
				ASSETCATALOG_COMPILER_LAUNCHIMAGE_NAME = LaunchImage;
				CLANG_ENABLE_MODULES = YES;
				CLANG_WARN_DOCUMENTATION_COMMENTS = NO;
				DEFINES_MODULE = YES;
				DEVELOPMENT_TEAM = "";
				GCC_PRECOMPILE_PREFIX_HEADER = YES;
				GCC_PREFIX_HEADER = TestTemplateProject/Sources/Global/PrefixHeader.pch;
				GCC_WARN_ABOUT_DEPRECATED_FUNCTIONS = NO;
				HEADER_SEARCH_PATHS = "";
				INFOPLIST_FILE = "TestTemplateProject/Supporting Files/Info.plist";
				LD_RUNPATH_SEARCH_PATHS = "$(inherited) @executable_path/Frameworks";
				PRODUCT_BUNDLE_IDENTIFIER = iOSStudio.TestTemplateProject;
				PRODUCT_NAME = "$(TARGET_NAME)";
				PROVISIONING_PROFILE_SPECIFIER = "";
				SWIFT_OBJC_BRIDGING_HEADER = "TestTemplateProject/Supporting Files/TestTemplateProject-Bridging-Header.h";
				SWIFT_OPTIMIZATION_LEVEL = "-Onone";
				SWIFT_VERSION = 5.0;
				USER_HEADER_SEARCH_PATHS = "";
			};
			name = Debug;
		};
		330F7BD61ED3321F0009280A /* Release */ = {
			isa = XCBuildConfiguration;
			baseConfigurationReference = 3EBF4711FA3970AC76C3C06F /* Pods-TestTemplateProject.release.xcconfig */;
			buildSettings = {
				ASSETCATALOG_COMPILER_APPICON_NAME = AppIcon;
				ASSETCATALOG_COMPILER_LAUNCHIMAGE_NAME = LaunchImage;
				CLANG_ENABLE_MODULES = YES;
				CLANG_WARN_DOCUMENTATION_COMMENTS = NO;
				DEFINES_MODULE = YES;
				DEVELOPMENT_TEAM = "";
				GCC_PRECOMPILE_PREFIX_HEADER = YES;
				GCC_PREFIX_HEADER = TestTemplateProject/Sources/Global/PrefixHeader.pch;
				GCC_WARN_ABOUT_DEPRECATED_FUNCTIONS = NO;
				HEADER_SEARCH_PATHS = "";
				INFOPLIST_FILE = "TestTemplateProject/Supporting Files/Info.plist";
				LD_RUNPATH_SEARCH_PATHS = "$(inherited) @executable_path/Frameworks";
				PRODUCT_BUNDLE_IDENTIFIER = iOSStudio.TestTemplateProject;
				PRODUCT_NAME = "$(TARGET_NAME)";
				PROVISIONING_PROFILE_SPECIFIER = "";
				SWIFT_OBJC_BRIDGING_HEADER = "TestTemplateProject/Supporting Files/TestTemplateProject-Bridging-Header.h";
				SWIFT_VERSION = 5.0;
				USER_HEADER_SEARCH_PATHS = "";
			};
			name = Release;
		};
/* End XCBuildConfiguration section */

/* Begin XCConfigurationList section */
		330F7BB81ED3321F0009280A /* Build configuration list for PBXProject "TestTemplateProject" */ = {
			isa = XCConfigurationList;
			buildConfigurations = (
				330F7BD21ED3321F0009280A /* Debug */,
				330F7BD31ED3321F0009280A /* Release */,
			);
			defaultConfigurationIsVisible = 0;
			defaultConfigurationName = Release;
		};
		330F7BD41ED3321F0009280A /* Build configuration list for PBXNativeTarget "TestTemplateProject" */ = {
			isa = XCConfigurationList;
			buildConfigurations = (
				330F7BD51ED3321F0009280A /* Debug */,
				330F7BD61ED3321F0009280A /* Release */,
			);
			defaultConfigurationIsVisible = 0;
			defaultConfigurationName = Release;
		};
/* End XCConfigurationList section */
	};
	rootObject = 330F7BB51ED3321F0009280A /* Project object */;
}
